# THIS IS AN AUTOGENERATED FILE. DO NOT EDIT THIS FILE DIRECTLY.
# yarn lockfile v1


vee-validate@^4.4.11:
  version "4.4.11"
  resolved "https://registry.yarnpkg.com/vee-validate/-/vee-validate-4.4.11.tgz#497437588a2cde5548c2b479805ccdd2534cf4b6"
  integrity sha512-wZR3YbL6tzOhr/JwBskGdBxTEqwcVWQNuyD5rpZSw+uNKqkTlLI11hUcAyjOo4wk+CJOjKvab+1SAfY4xClmsA==
